// !$*UTF8*$!
{
	archiveVersion = 1;
	classes = {
	};
	objectVersion = 46;
	objects = {

/* Begin PBXBuildFile section */
		1B575D151CBCE2A80063D4D3 /* AppDelegate.swift in Sources */ = {isa = PBXBuildFile; fileRef = 1B575D141CBCE2A80063D4D3 /* AppDelegate.swift */; };
		1B575D171CBCE2A80063D4D3 /* ViewController.swift in Sources */ = {isa = PBXBuildFile; fileRef = 1B575D161CBCE2A80063D4D3 /* ViewController.swift */; };
		1B575D1A1CBCE2A80063D4D3 /* Main.storyboard in Resources */ = {isa = PBXBuildFile; fileRef = 1B575D181CBCE2A80063D4D3 /* Main.storyboard */; };
		1B575D1C1CBCE2A80063D4D3 /* Assets.xcassets in Resources */ = {isa = PBXBuildFile; fileRef = 1B575D1B1CBCE2A80063D4D3 /* Assets.xcassets */; };
		1B575D1F1CBCE2A80063D4D3 /* LaunchScreen.storyboard in Resources */ = {isa = PBXBuildFile; fileRef = 1B575D1D1CBCE2A80063D4D3 /* LaunchScreen.storyboard */; };
		1B575D2A1CBCE2A80063D4D3 /* AHSinpleNetworkingTests.swift in Sources */ = {isa = PBXBuildFile; fileRef = 1B575D291CBCE2A80063D4D3 /* AHSinpleNetworkingTests.swift */; };
		1B575D351CBCE2A80063D4D3 /* AHSinpleNetworkingUITests.swift in Sources */ = {isa = PBXBuildFile; fileRef = 1B575D341CBCE2A80063D4D3 /* AHSinpleNetworkingUITests.swift */; };
/* End PBXBuildFile section */

/* Begin PBXContainerItemProxy section */
		1B575D261CBCE2A80063D4D3 /* PBXContainerItemProxy */ = {
			isa = PBXContainerItemProxy;
			containerPortal = 1B575D091CBCE2A80063D4D3 /* Project object */;
			proxyType = 1;
			remoteGlobalIDString = 1B575D101CBCE2A80063D4D3;
			remoteInfo = AHSinpleNetworking;
		};
		1B575D311CBCE2A80063D4D3 /* PBXContainerItemProxy */ = {
			isa = PBXContainerItemProxy;
			containerPortal = 1B575D091CBCE2A80063D4D3 /* Project object */;
			proxyType = 1;
			remoteGlobalIDString = 1B575D101CBCE2A80063D4D3;
			remoteInfo = AHSinpleNetworking;
		};
/* End PBXContainerItemProxy section */

/* Begin PBXFileReference section */
		1B575D111CBCE2A80063D4D3 /* AHSinpleNetworking.app */ = {isa = PBXFileReference; explicitFileType = wrapper.application; includeInIndex = 0; path = AHSinpleNetworking.app; sourceTree = BUILT_PRODUCTS_DIR; };
		1B575D141CBCE2A80063D4D3 /* AppDelegate.swift */ = {isa = PBXFileReference; lastKnownFileType = sourcecode.swift; path = AppDelegate.swift; sourceTree = "<group>"; };
		1B575D161CBCE2A80063D4D3 /* ViewController.swift */ = {isa = PBXFileReference; lastKnownFileType = sourcecode.swift; path = ViewController.swift; sourceTree = "<group>"; };
		1B575D191CBCE2A80063D4D3 /* Base */ = {isa = PBXFileReference; lastKnownFileType = file.storyboard; name = Base; path = Base.lproj/Main.storyboard; sourceTree = "<group>"; };
		1B575D1B1CBCE2A80063D4D3 /* Assets.xcassets */ = {isa = PBXFileReference; lastKnownFileType = folder.assetcatalog; path = Assets.xcassets; sourceTree = "<group>"; };
		1B575D1E1CBCE2A80063D4D3 /* Base */ = {isa = PBXFileReference; lastKnownFileType = file.storyboard; name = Base; path = Base.lproj/LaunchScreen.storyboard; sourceTree = "<group>"; };
		1B575D201CBCE2A80063D4D3 /* Info.plist */ = {isa = PBXFileReference; lastKnownFileType = text.plist.xml; path = Info.plist; sourceTree = "<group>"; };
		1B575D251CBCE2A80063D4D3 /* AHSinpleNetworkingTests.xctest */ = {isa = PBXFileReference; explicitFileType = wrapper.cfbundle; includeInIndex = 0; path = AHSinpleNetworkingTests.xctest; sourceTree = BUILT_PRODUCTS_DIR; };
		1B575D291CBCE2A80063D4D3 /* AHSinpleNetworkingTests.swift */ = {isa = PBXFileReference; lastKnownFileType = sourcecode.swift; path = AHSinpleNetworkingTests.swift; sourceTree = "<group>"; };
		1B575D2B1CBCE2A80063D4D3 /* Info.plist */ = {isa = PBXFileReference; lastKnownFileType = text.plist.xml; path = Info.plist; sourceTree = "<group>"; };
		1B575D301CBCE2A80063D4D3 /* AHSinpleNetworkingUITests.xctest */ = {isa = PBXFileReference; explicitFileType = wrapper.cfbundle; includeInIndex = 0; path = AHSinpleNetworkingUITests.xctest; sourceTree = BUILT_PRODUCTS_DIR; };
		1B575D341CBCE2A80063D4D3 /* AHSinpleNetworkingUITests.swift */ = {isa = PBXFileReference; lastKnownFileType = sourcecode.swift; path = AHSinpleNetworkingUITests.swift; sourceTree = "<group>"; };
		1B575D361CBCE2A80063D4D3 /* Info.plist */ = {isa = PBXFileReference; lastKnownFileType = text.plist.xml; path = Info.plist; sourceTree = "<group>"; };
/* End PBXFileReference section */

/* Begin PBXFrameworksBuildPhase section */
		1B575D0E1CBCE2A80063D4D3 /* Frameworks */ = {
			isa = PBXFrameworksBuildPhase;
			buildActionMask = 2147483647;
			files = (
			);
			runOnlyForDeploymentPostprocessing = 0;
		};
		1B575D221CBCE2A80063D4D3 /* Frameworks */ = {
			isa = PBXFrameworksBuildPhase;
			buildActionMask = 2147483647;
			files = (
			);
			runOnlyForDeploymentPostprocessing = 0;
		};
		1B575D2D1CBCE2A80063D4D3 /* Frameworks */ = {
			isa = PBXFrameworksBuildPhase;
			buildActionMask = 2147483647;
			files = (
			);
			runOnlyForDeploymentPostprocessing = 0;
		};
/* End PBXFrameworksBuildPhase section */

/* Begin PBXGroup section */
		1B575D081CBCE2A80063D4D3 = {
			isa = PBXGroup;
			children = (
				1B575D131CBCE2A80063D4D3 /* AHSinpleNetworking */,
				1B575D281CBCE2A80063D4D3 /* AHSinpleNetworkingTests */,
				1B575D331CBCE2A80063D4D3 /* AHSinpleNetworkingUITests */,
				1B575D121CBCE2A80063D4D3 /* Products */,
			);
			sourceTree = "<group>";
		};
		1B575D121CBCE2A80063D4D3 /* Products */ = {
			isa = PBXGroup;
			children = (
				1B575D111CBCE2A80063D4D3 /* AHSinpleNetworking.app */,
				1B575D251CBCE2A80063D4D3 /* AHSinpleNetworkingTests.xctest */,
				1B575D301CBCE2A80063D4D3 /* AHSinpleNetworkingUITests.xctest */,
			);
			name = Products;
			sourceTree = "<group>";
		};
		1B575D131CBCE2A80063D4D3 /* AHSinpleNetworking */ = {
			isa = PBXGroup;
			children = (
				1B575D141CBCE2A80063D4D3 /* AppDelegate.swift */,
				1B575D161CBCE2A80063D4D3 /* ViewController.swift */,
				1B575D181CBCE2A80063D4D3 /* Main.storyboard */,
				1B575D1B1CBCE2A80063D4D3 /* Assets.xcassets */,
				1B575D1D1CBCE2A80063D4D3 /* LaunchScreen.storyboard */,
				1B575D201CBCE2A80063D4D3 /* Info.plist */,
			);
			path = AHSinpleNetworking;
			sourceTree = "<group>";
		};
		1B575D281CBCE2A80063D4D3 /* AHSinpleNetworkingTests */ = {
			isa = PBXGroup;
			children = (
				1B575D291CBCE2A80063D4D3 /* AHSinpleNetworkingTests.swift */,
				1B575D2B1CBCE2A80063D4D3 /* Info.plist */,
			);
			path = AHSinpleNetworkingTests;
			sourceTree = "<group>";
		};
		1B575D331CBCE2A80063D4D3 /* AHSinpleNetworkingUITests */ = {
			isa = PBXGroup;
			children = (
				1B575D341CBCE2A80063D4D3 /* AHSinpleNetworkingUITests.swift */,
				1B575D361CBCE2A80063D4D3 /* Info.plist */,
			);
			path = AHSinpleNetworkingUITests;
			sourceTree = "<group>";
		};
/* End PBXGroup section */

/* Begin PBXNativeTarget section */
		1B575D101CBCE2A80063D4D3 /* AHSinpleNetworking */ = {
			isa = PBXNativeTarget;
			buildConfigurationList = 1B575D391CBCE2A80063D4D3 /* Build configuration list for PBXNativeTarget "AHSinpleNetworking" */;
			buildPhases = (
				1B575D0D1CBCE2A80063D4D3 /* Sources */,
				1B575D0E1CBCE2A80063D4D3 /* Frameworks */,
				1B575D0F1CBCE2A80063D4D3 /* Resources */,
			);
			buildRules = (
			);
			dependencies = (
			);
			name = AHSinpleNetworking;
			productName = AHSinpleNetworking;
			productReference = 1B575D111CBCE2A80063D4D3 /* AHSinpleNetworking.app */;
			productType = "com.apple.product-type.application";
		};
		1B575D241CBCE2A80063D4D3 /* AHSinpleNetworkingTests */ = {
			isa = PBXNativeTarget;
			buildConfigurationList = 1B575D3C1CBCE2A80063D4D3 /* Build configuration list for PBXNativeTarget "AHSinpleNetworkingTests" */;
			buildPhases = (
				1B575D211CBCE2A80063D4D3 /* Sources */,
				1B575D221CBCE2A80063D4D3 /* Frameworks */,
				1B575D231CBCE2A80063D4D3 /* Resources */,
			);
			buildRules = (
			);
			dependencies = (
				1B575D271CBCE2A80063D4D3 /* PBXTargetDependency */,
			);
			name = AHSinpleNetworkingTests;
			productName = AHSinpleNetworkingTests;
			productReference = 1B575D251CBCE2A80063D4D3 /* AHSinpleNetworkingTests.xctest */;
			productType = "com.apple.product-type.bundle.unit-test";
		};
		1B575D2F1CBCE2A80063D4D3 /* AHSinpleNetworkingUITests */ = {
			isa = PBXNativeTarget;
			buildConfigurationList = 1B575D3F1CBCE2A80063D4D3 /* Build configuration list for PBXNativeTarget "AHSinpleNetworkingUITests" */;
			buildPhases = (
				1B575D2C1CBCE2A80063D4D3 /* Sources */,
				1B575D2D1CBCE2A80063D4D3 /* Frameworks */,
				1B575D2E1CBCE2A80063D4D3 /* Resources */,
			);
			buildRules = (
			);
			dependencies = (
				1B575D321CBCE2A80063D4D3 /* PBXTargetDependency */,
			);
			name = AHSinpleNetworkingUITests;
			productName = AHSinpleNetworkingUITests;
			productReference = 1B575D301CBCE2A80063D4D3 /* AHSinpleNetworkingUITests.xctest */;
			productType = "com.apple.product-type.bundle.ui-testing";
		};
/* End PBXNativeTarget section */

/* Begin PBXProject section */
		1B575D091CBCE2A80063D4D3 /* Project object */ = {
			isa = PBXProject;
			attributes = {
				LastSwiftUpdateCheck = 0720;
				LastUpgradeCheck = 0720;
				ORGANIZATIONNAME = nuclear;
				TargetAttributes = {
					1B575D101CBCE2A80063D4D3 = {
						CreatedOnToolsVersion = 7.2;
					};
					1B575D241CBCE2A80063D4D3 = {
						CreatedOnToolsVersion = 7.2;
						TestTargetID = 1B575D101CBCE2A80063D4D3;
					};
					1B575D2F1CBCE2A80063D4D3 = {
						CreatedOnToolsVersion = 7.2;
						TestTargetID = 1B575D101CBCE2A80063D4D3;
					};
				};
			};
			buildConfigurationList = 1B575D0C1CBCE2A80063D4D3 /* Build configuration list for PBXProject "AHSinpleNetworking" */;
			compatibilityVersion = "Xcode 3.2";
			developmentRegion = English;
			hasScannedForEncodings = 0;
			knownRegions = (
				en,
				Base,
			);
			mainGroup = 1B575D081CBCE2A80063D4D3;
			productRefGroup = 1B575D121CBCE2A80063D4D3 /* Products */;
			projectDirPath = "";
			projectRoot = "";
			targets = (
				1B575D101CBCE2A80063D4D3 /* AHSinpleNetworking */,
				1B575D241CBCE2A80063D4D3 /* AHSinpleNetworkingTests */,
				1B575D2F1CBCE2A80063D4D3 /* AHSinpleNetworkingUITests */,
			);
		};
/* End PBXProject section */

/* Begin PBXResourcesBuildPhase section */
		1B575D0F1CBCE2A80063D4D3 /* Resources */ = {
			isa = PBXResourcesBuildPhase;
			buildActionMask = 2147483647;
			files = (
				1B575D1F1CBCE2A80063D4D3 /* LaunchScreen.storyboard in Resources */,
				1B575D1C1CBCE2A80063D4D3 /* Assets.xcassets in Resources */,
				1B575D1A1CBCE2A80063D4D3 /* Main.storyboard in Resources */,
			);
			runOnlyForDeploymentPostprocessing = 0;
		};
		1B575D231CBCE2A80063D4D3 /* Resources */ = {
			isa = PBXResourcesBuildPhase;
			buildActionMask = 2147483647;
			files = (
			);
			runOnlyForDeploymentPostprocessing = 0;
		};
		1B575D2E1CBCE2A80063D4D3 /* Resources */ = {
			isa = PBXResourcesBuildPhase;
			buildActionMask = 2147483647;
			files = (
			);
			runOnlyForDeploymentPostprocessing = 0;
		};
/* End PBXResourcesBuildPhase section */

/* Begin PBXSourcesBuildPhase section */
		1B575D0D1CBCE2A80063D4D3 /* Sources */ = {
			isa = PBXSourcesBuildPhase;
			buildActionMask = 2147483647;
			files = (
				1B575D171CBCE2A80063D4D3 /* ViewController.swift in Sources */,
				1B575D151CBCE2A80063D4D3 /* AppDelegate.swift in Sources */,
			);
			runOnlyForDeploymentPostprocessing = 0;
		};
		1B575D211CBCE2A80063D4D3 /* Sources */ = {
			isa = PBXSourcesBuildPhase;
			buildActionMask = 2147483647;
			files = (
				1B575D2A1CBCE2A80063D4D3 /* AHSinpleNetworkingTests.swift in Sources */,
			);
			runOnlyForDeploymentPostprocessing = 0;
		};
		1B575D2C1CBCE2A80063D4D3 /* Sources */ = {
			isa = PBXSourcesBuildPhase;
			buildActionMask = 2147483647;
			files = (
				1B575D351CBCE2A80063D4D3 /* AHSinpleNetworkingUITests.swift in Sources */,
			);
			runOnlyForDeploymentPostprocessing = 0;
		};
/* End PBXSourcesBuildPhase section */

/* Begin PBXTargetDependency section */
		1B575D271CBCE2A80063D4D3 /* PBXTargetDependency */ = {
			isa = PBXTargetDependency;
			target = 1B575D101CBCE2A80063D4D3 /* AHSinpleNetworking */;
			targetProxy = 1B575D261CBCE2A80063D4D3 /* PBXContainerItemProxy */;
		};
		1B575D321CBCE2A80063D4D3 /* PBXTargetDependency */ = {
			isa = PBXTargetDependency;
			target = 1B575D101CBCE2A80063D4D3 /* AHSinpleNetworking */;
			targetProxy = 1B575D311CBCE2A80063D4D3 /* PBXContainerItemProxy */;
		};
/* End PBXTargetDependency section */

/* Begin PBXVariantGroup section */
		1B575D181CBCE2A80063D4D3 /* Main.storyboard */ = {
			isa = PBXVariantGroup;
			children = (
				1B575D191CBCE2A80063D4D3 /* Base */,
			);
			name = Main.storyboard;
			sourceTree = "<group>";
		};
		1B575D1D1CBCE2A80063D4D3 /* LaunchScreen.storyboard */ = {
			isa = PBXVariantGroup;
			children = (
				1B575D1E1CBCE2A80063D4D3 /* Base */,
			);
			name = LaunchScreen.storyboard;
			sourceTree = "<group>";
		};
/* End PBXVariantGroup section */

/* Begin XCBuildConfiguration section */
		1B575D371CBCE2A80063D4D3 /* Debug */ = {
			isa = XCBuildConfiguration;
			buildSettings = {
				ALWAYS_SEARCH_USER_PATHS = NO;
				CLANG_CXX_LANGUAGE_STANDARD = "gnu++0x";
				CLANG_CXX_LIBRARY = "libc++";
				CLANG_ENABLE_MODULES = YES;
				CLANG_ENABLE_OBJC_ARC = YES;
				CLANG_WARN_BOOL_CONVERSION = YES;
				CLANG_WARN_CONSTANT_CONVERSION = YES;
				CLANG_WARN_DIRECT_OBJC_ISA_USAGE = YES_ERROR;
				CLANG_WARN_EMPTY_BODY = YES;
				CLANG_WARN_ENUM_CONVERSION = YES;
				CLANG_WARN_INT_CONVERSION = YES;
				CLANG_WARN_OBJC_ROOT_CLASS = YES_ERROR;
				CLANG_WARN_UNREACHABLE_CODE = YES;
				CLANG_WARN__DUPLICATE_METHOD_MATCH = YES;
				"CODE_SIGN_IDENTITY[sdk=iphoneos*]" = "iPhone Developer";
				COPY_PHASE_STRIP = NO;
				DEBUG_INFORMATION_FORMAT = dwarf;
				ENABLE_STRICT_OBJC_MSGSEND = YES;
				ENABLE_TESTABILITY = YES;
				GCC_C_LANGUAGE_STANDARD = gnu99;
				GCC_DYNAMIC_NO_PIC = NO;
				GCC_NO_COMMON_BLOCKS = YES;
				GCC_OPTIMIZATION_LEVEL = 0;
				GCC_PREPROCESSOR_DEFINITIONS = (
					"DEBUG=1",
					"$(inherited)",
				);
				GCC_WARN_64_TO_32_BIT_CONVERSION = YES;
				GCC_WARN_ABOUT_RETURN_TYPE = YES_ERROR;
				GCC_WARN_UNDECLARED_SELECTOR = YES;
				GCC_WARN_UNINITIALIZED_AUTOS = YES_AGGRESSIVE;
				GCC_WARN_UNUSED_FUNCTION = YES;
				GCC_WARN_UNUSED_VARIABLE = YES;
				IPHONEOS_DEPLOYMENT_TARGET = 9.2;
				MTL_ENABLE_DEBUG_INFO = YES;
				ONLY_ACTIVE_ARCH = YES;
				SDKROOT = iphoneos;
				SWIFT_OPTIMIZATION_LEVEL = "-Onone";
			};
			name = Debug;
		};
		1B575D381CBCE2A80063D4D3 /* Release */ = {
			isa = XCBuildConfiguration;
			buildSettings = {
				ALWAYS_SEARCH_USER_PATHS = NO;
				CLANG_CXX_LANGUAGE_STANDARD = "gnu++0x";
				CLANG_CXX_LIBRARY = "libc++";
				CLANG_ENABLE_MODULES = YES;
				CLANG_ENABLE_OBJC_ARC = YES;
				CLANG_WARN_BOOL_CONVERSION = YES;
				CLANG_WARN_CONSTANT_CONVERSION = YES;
				CLANG_WARN_DIRECT_OBJC_ISA_USAGE = YES_ERROR;
				CLANG_WARN_EMPTY_BODY = YES;
				CLANG_WARN_ENUM_CONVERSION = YES;
				CLANG_WARN_INT_CONVERSION = YES;
				CLANG_WARN_OBJC_ROOT_CLASS = YES_ERROR;
				CLANG_WARN_UNREACHABLE_CODE = YES;
				CLANG_WARN__DUPLICATE_METHOD_MATCH = YES;
				"CODE_SIGN_IDENTITY[sdk=iphoneos*]" = "iPhone Developer";
				COPY_PHASE_STRIP = NO;
				DEBUG_INFORMATION_FORMAT = "dwarf-with-dsym";
				ENABLE_NS_ASSERTIONS = NO;
				ENABLE_STRICT_OBJC_MSGSEND = YES;
				GCC_C_LANGUAGE_STANDARD = gnu99;
				GCC_NO_COMMON_BLOCKS = YES;
				GCC_WARN_64_TO_32_BIT_CONVERSION = YES;
				GCC_WARN_ABOUT_RETURN_TYPE = YES_ERROR;
				GCC_WARN_UNDECLARED_SELECTOR = YES;
				GCC_WARN_UNINITIALIZED_AUTOS = YES_AGGRESSIVE;
				GCC_WARN_UNUSED_FUNCTION = YES;
				GCC_WARN_UNUSED_VARIABLE = YES;
				IPHONEOS_DEPLOYMENT_TARGET = 9.2;
				MTL_ENABLE_DEBUG_INFO = NO;
				SDKROOT = iphoneos;
				VALIDATE_PRODUCT = YES;
			};
			name = Release;
		};
		1B575D3A1CBCE2A80063D4D3 /* Debug */ = {
			isa = XCBuildConfiguration;
			buildSettings = {
				ASSETCATALOG_COMPILER_APPICON_NAME = AppIcon;
				INFOPLIST_FILE = AHSinpleNetworking/Info.plist;
				LD_RUNPATH_SEARCH_PATHS = "$(inherited) @executable_path/Frameworks";
				PRODUCT_BUNDLE_IDENTIFIER = com.nuclear.AHSinpleNetworking;
				PRODUCT_NAME = "$(TARGET_NAME)";
			};
			name = Debug;
		};
		1B575D3B1CBCE2A80063D4D3 /* Release */ = {
			isa = XCBuildConfiguration;
			buildSettings = {
				ASSETCATALOG_COMPILER_APPICON_NAME = AppIcon;
				INFOPLIST_FILE = AHSinpleNetworking/Info.plist;
				LD_RUNPATH_SEARCH_PATHS = "$(inherited) @executable_path/Frameworks";
				PRODUCT_BUNDLE_IDENTIFIER = com.nuclear.AHSinpleNetworking;
				PRODUCT_NAME = "$(TARGET_NAME)";
			};
			name = Release;
		};
		1B575D3D1CBCE2A80063D4D3 /* Debug */ = {
			isa = XCBuildConfiguration;
			buildSettings = {
				BUNDLE_LOADER = "$(TEST_HOST)";
				INFOPLIST_FILE = AHSinpleNetworkingTests/Info.plist;
				LD_RUNPATH_SEARCH_PATHS = "$(inherited) @executable_path/Frameworks @loader_path/Frameworks";
				PRODUCT_BUNDLE_IDENTIFIER = com.nuclear.AHSinpleNetworkingTests;
				PRODUCT_NAME = "$(TARGET_NAME)";
				TEST_HOST = "$(BUILT_PRODUCTS_DIR)/AHSinpleNetworking.app/AHSinpleNetworking";
			};
			name = Debug;
		};
		1B575D3E1CBCE2A80063D4D3 /* Release */ = {
			isa = XCBuildConfiguration;
			buildSettings = {
				BUNDLE_LOADER = "$(TEST_HOST)";
				INFOPLIST_FILE = AHSinpleNetworkingTests/Info.plist;
				LD_RUNPATH_SEARCH_PATHS = "$(inherited) @executable_path/Frameworks @loader_path/Frameworks";
				PRODUCT_BUNDLE_IDENTIFIER = com.nuclear.AHSinpleNetworkingTests;
				PRODUCT_NAME = "$(TARGET_NAME)";
				TEST_HOST = "$(BUILT_PRODUCTS_DIR)/AHSinpleNetworking.app/AHSinpleNetworking";
			};
			name = Release;
		};
		1B575D401CBCE2A80063D4D3 /* Debug */ = {
			isa = XCBuildConfiguration;
			buildSettings = {
				INFOPLIST_FILE = AHSinpleNetworkingUITests/Info.plist;
				LD_RUNPATH_SEARCH_PATHS = "$(inherited) @executable_path/Frameworks @loader_path/Frameworks";
				PRODUCT_BUNDLE_IDENTIFIER = com.nuclear.AHSinpleNetworkingUITests;
				PRODUCT_NAME = "$(TARGET_NAME)";
				TEST_TARGET_NAME = AHSinpleNetworking;
				USES_XCTRUNNER = YES;
			};
			name = Debug;
		};
		1B575D411CBCE2A80063D4D3 /* Release */ = {
			isa = XCBuildConfiguration;
			buildSettings = {
				INFOPLIST_FILE = AHSinpleNetworkingUITests/Info.plist;
				LD_RUNPATH_SEARCH_PATHS = "$(inherited) @executable_path/Frameworks @loader_path/Frameworks";
				PRODUCT_BUNDLE_IDENTIFIER = com.nuclear.AHSinpleNetworkingUITests;
				PRODUCT_NAME = "$(TARGET_NAME)";
				TEST_TARGET_NAME = AHSinpleNetworking;
				USES_XCTRUNNER = YES;
			};
			name = Release;
		};
/* End XCBuildConfiguration section */

/* Begin XCConfigurationList section */
		1B575D0C1CBCE2A80063D4D3 /* Build configuration list for PBXProject "AHSinpleNetworking" */ = {
			isa = XCConfigurationList;
			buildConfigurations = (
				1B575D371CBCE2A80063D4D3 /* Debug */,
				1B575D381CBCE2A80063D4D3 /* Release */,
			);
			defaultConfigurationIsVisible = 0;
			defaultConfigurationName = Release;
		};
		1B575D391CBCE2A80063D4D3 /* Build configuration list for PBXNativeTarget "AHSinpleNetworking" */ = {
			isa = XCConfigurationList;
			buildConfigurations = (
				1B575D3A1CBCE2A80063D4D3 /* Debug */,
				1B575D3B1CBCE2A80063D4D3 /* Release */,
			);
			defaultConfigurationIsVisible = 0;
		};
		1B575D3C1CBCE2A80063D4D3 /* Build configuration list for PBXNativeTarget "AHSinpleNetworkingTests" */ = {
			isa = XCConfigurationList;
			buildConfigurations = (
				1B575D3D1CBCE2A80063D4D3 /* Debug */,
				1B575D3E1CBCE2A80063D4D3 /* Release */,
			);
			defaultConfigurationIsVisible = 0;
		};
		1B575D3F1CBCE2A80063D4D3 /* Build configuration list for PBXNativeTarget "AHSinpleNetworkingUITests" */ = {
			isa = XCConfigurationList;
			buildConfigurations = (
				1B575D401CBCE2A80063D4D3 /* Debug */,
				1B575D411CBCE2A80063D4D3 /* Release */,
			);
			defaultConfigurationIsVisible = 0;
		};
/* End XCConfigurationList section */
	};
	rootObject = 1B575D091CBCE2A80063D4D3 /* Project object */;
}
